<Solution>
  <Folder Name="/0_Entities-DTOs/">
    <Project Path="Entities-DTOs/Entities-DTOs.csproj" />
  </Folder>
  <Folder Name="/1_DataAccess/">
    <Project Path="DataAccess/DataAccess.csproj" Id="fb3dad3a-fda6-4b51-8eca-a38ecdefeaf8" />
  </Folder>
  <Folder Name="/1_DataAccess/Scripts database/">
    <File Path="spCreateProduct.sql" />
    <File Path="spCreateUser.sql" />
    <File Path="spDELProduct.sql" />
    <File Path="spDELUser.sql" />
    <File Path="spRETAllProduct.sql" />
    <File Path="spRetAllUsers.sql" />
    <File Path="spRetProductById.sql" />
    <File Path="spRetUserById.sql" />
    <File Path="spUPDProduct.sql" />
    <File Path="spUPDUser.sql" />
    <File Path="tblProduct.sql" />
    <File Path="tblUser.sql" />
  </Folder>
  <Folder Name="/2_AppCore/">
    <Project Path="AppCore/AppCore.csproj" Id="03c5cf0f-108d-44e5-812a-14fc042cf74a" />
  </Folder>
  <Folder Name="/3_WebAPI/">
    <Project Path="WebAPI/WebAPI.csproj" Id="e1f3db02-7e80-4982-ba98-5404b2c60e8d" />
  </Folder>
  <Folder Name="/99_DevTester/">
    <Project Path="ConsoleApp-DevTesting/ConsoleApp-DevTesting.csproj" Id="e3f8732c-cd43-40f9-9a1d-6c42cdfda9ce" />
  </Folder>
</Solution>
